// !$*UTF8*$!
{
	archiveVersion = 1;
	classes = {
	};
	objectVersion = 50;
	objects = {

/* Begin PBXBuildFile section */
		667A365F2786DB18007159FF /* QRCodeReaderApp.swift in Sources */ = {isa = PBXBuildFile; fileRef = 667A365E2786DB18007159FF /* QRCodeReaderApp.swift */; };
		667A36612786DB18007159FF /* ContentView.swift in Sources */ = {isa = PBXBuildFile; fileRef = 667A36602786DB18007159FF /* ContentView.swift */; };
		667A36632786DB1A007159FF /* Assets.xcassets in Resources */ = {isa = PBXBuildFile; fileRef = 667A36622786DB1A007159FF /* Assets.xcassets */; };
		667A36662786DB1A007159FF /* Preview Assets.xcassets in Resources */ = {isa = PBXBuildFile; fileRef = 667A36652786DB1A007159FF /* Preview Assets.xcassets */; };
		667A36712786DB1A007159FF /* QRCodeReaderTests.swift in Sources */ = {isa = PBXBuildFile; fileRef = 667A36702786DB1A007159FF /* QRCodeReaderTests.swift */; };
		667A367C2786DB1A007159FF /* QRCodeReaderUITests.swift in Sources */ = {isa = PBXBuildFile; fileRef = 667A367B2786DB1A007159FF /* QRCodeReaderUITests.swift */; };
		667A368C2786DD9B007159FF /* QRReader.swift in Sources */ = {isa = PBXBuildFile; fileRef = 667A368B2786DD9B007159FF /* QRReader.swift */; };
		667A368E2786F4D4007159FF /* ScanAlert.swift in Sources */ = {isa = PBXBuildFile; fileRef = 667A368D2786F4D4007159FF /* ScanAlert.swift */; };
		667A36902786F6C6007159FF /* ScanResultType.swift in Sources */ = {isa = PBXBuildFile; fileRef = 667A368F2786F6C6007159FF /* ScanResultType.swift */; };
/* End PBXBuildFile section */

/* Begin PBXContainerItemProxy section */
		667A366D2786DB1A007159FF /* PBXContainerItemProxy */ = {
			isa = PBXContainerItemProxy;
			containerPortal = 667A36532786DB18007159FF /* Project object */;
			proxyType = 1;
			remoteGlobalIDString = 667A365A2786DB18007159FF;
			remoteInfo = QRCodeReader;
		};
		667A36782786DB1A007159FF /* PBXContainerItemProxy */ = {
			isa = PBXContainerItemProxy;
			containerPortal = 667A36532786DB18007159FF /* Project object */;
			proxyType = 1;
			remoteGlobalIDString = 667A365A2786DB18007159FF;
			remoteInfo = QRCodeReader;
		};
/* End PBXContainerItemProxy section */

/* Begin PBXFileReference section */
		667A365B2786DB18007159FF /* QRCodeReader.app */ = {isa = PBXFileReference; explicitFileType = wrapper.application; includeInIndex = 0; path = QRCodeReader.app; sourceTree = BUILT_PRODUCTS_DIR; };
		667A365E2786DB18007159FF /* QRCodeReaderApp.swift */ = {isa = PBXFileReference; lastKnownFileType = sourcecode.swift; path = QRCodeReaderApp.swift; sourceTree = "<group>"; };
		667A36602786DB18007159FF /* ContentView.swift */ = {isa = PBXFileReference; lastKnownFileType = sourcecode.swift; path = ContentView.swift; sourceTree = "<group>"; };
		667A36622786DB1A007159FF /* Assets.xcassets */ = {isa = PBXFileReference; lastKnownFileType = folder.assetcatalog; path = Assets.xcassets; sourceTree = "<group>"; };
		667A36652786DB1A007159FF /* Preview Assets.xcassets */ = {isa = PBXFileReference; lastKnownFileType = folder.assetcatalog; path = "Preview Assets.xcassets"; sourceTree = "<group>"; };
		667A36672786DB1A007159FF /* Info.plist */ = {isa = PBXFileReference; lastKnownFileType = text.plist.xml; path = Info.plist; sourceTree = "<group>"; };
		667A366C2786DB1A007159FF /* QRCodeReaderTests.xctest */ = {isa = PBXFileReference; explicitFileType = wrapper.cfbundle; includeInIndex = 0; path = QRCodeReaderTests.xctest; sourceTree = BUILT_PRODUCTS_DIR; };
		667A36702786DB1A007159FF /* QRCodeReaderTests.swift */ = {isa = PBXFileReference; lastKnownFileType = sourcecode.swift; path = QRCodeReaderTests.swift; sourceTree = "<group>"; };
		667A36722786DB1A007159FF /* Info.plist */ = {isa = PBXFileReference; lastKnownFileType = text.plist.xml; path = Info.plist; sourceTree = "<group>"; };
		667A36772786DB1A007159FF /* QRCodeReaderUITests.xctest */ = {isa = PBXFileReference; explicitFileType = wrapper.cfbundle; includeInIndex = 0; path = QRCodeReaderUITests.xctest; sourceTree = BUILT_PRODUCTS_DIR; };
		667A367B2786DB1A007159FF /* QRCodeReaderUITests.swift */ = {isa = PBXFileReference; lastKnownFileType = sourcecode.swift; path = QRCodeReaderUITests.swift; sourceTree = "<group>"; };
		667A367D2786DB1A007159FF /* Info.plist */ = {isa = PBXFileReference; lastKnownFileType = text.plist.xml; path = Info.plist; sourceTree = "<group>"; };
		667A368B2786DD9B007159FF /* QRReader.swift */ = {isa = PBXFileReference; lastKnownFileType = sourcecode.swift; path = QRReader.swift; sourceTree = "<group>"; };
		667A368D2786F4D4007159FF /* ScanAlert.swift */ = {isa = PBXFileReference; lastKnownFileType = sourcecode.swift; path = ScanAlert.swift; sourceTree = "<group>"; };
		667A368F2786F6C6007159FF /* ScanResultType.swift */ = {isa = PBXFileReference; lastKnownFileType = sourcecode.swift; path = ScanResultType.swift; sourceTree = "<group>"; };
/* End PBXFileReference section */

/* Begin PBXFrameworksBuildPhase section */
		667A36582786DB18007159FF /* Frameworks */ = {
			isa = PBXFrameworksBuildPhase;
			buildActionMask = 2147483647;
			files = (
			);
			runOnlyForDeploymentPostprocessing = 0;
		};
		667A36692786DB1A007159FF /* Frameworks */ = {
			isa = PBXFrameworksBuildPhase;
			buildActionMask = 2147483647;
			files = (
			);
			runOnlyForDeploymentPostprocessing = 0;
		};
		667A36742786DB1A007159FF /* Frameworks */ = {
			isa = PBXFrameworksBuildPhase;
			buildActionMask = 2147483647;
			files = (
			);
			runOnlyForDeploymentPostprocessing = 0;
		};
/* End PBXFrameworksBuildPhase section */

/* Begin PBXGroup section */
		667A36522786DB18007159FF = {
			isa = PBXGroup;
			children = (
				667A365D2786DB18007159FF /* QRCodeReader */,
				667A366F2786DB1A007159FF /* QRCodeReaderTests */,
				667A367A2786DB1A007159FF /* QRCodeReaderUITests */,
				667A365C2786DB18007159FF /* Products */,
			);
			sourceTree = "<group>";
		};
		667A365C2786DB18007159FF /* Products */ = {
			isa = PBXGroup;
			children = (
				667A365B2786DB18007159FF /* QRCodeReader.app */,
				667A366C2786DB1A007159FF /* QRCodeReaderTests.xctest */,
				667A36772786DB1A007159FF /* QRCodeReaderUITests.xctest */,
			);
			name = Products;
			sourceTree = "<group>";
		};
		667A365D2786DB18007159FF /* QRCodeReader */ = {
			isa = PBXGroup;
			children = (
				667A365E2786DB18007159FF /* QRCodeReaderApp.swift */,
				667A368D2786F4D4007159FF /* ScanAlert.swift */,
				667A368F2786F6C6007159FF /* ScanResultType.swift */,
				667A36602786DB18007159FF /* ContentView.swift */,
				667A368B2786DD9B007159FF /* QRReader.swift */,
				667A36622786DB1A007159FF /* Assets.xcassets */,
				667A36672786DB1A007159FF /* Info.plist */,
				667A36642786DB1A007159FF /* Preview Content */,
			);
			path = QRCodeReader;
			sourceTree = "<group>";
		};
		667A36642786DB1A007159FF /* Preview Content */ = {
			isa = PBXGroup;
			children = (
				667A36652786DB1A007159FF /* Preview Assets.xcassets */,
			);
			path = "Preview Content";
			sourceTree = "<group>";
		};
		667A366F2786DB1A007159FF /* QRCodeReaderTests */ = {
			isa = PBXGroup;
			children = (
				667A36702786DB1A007159FF /* QRCodeReaderTests.swift */,
				667A36722786DB1A007159FF /* Info.plist */,
			);
			path = QRCodeReaderTests;
			sourceTree = "<group>";
		};
		667A367A2786DB1A007159FF /* QRCodeReaderUITests */ = {
			isa = PBXGroup;
			children = (
				667A367B2786DB1A007159FF /* QRCodeReaderUITests.swift */,
				667A367D2786DB1A007159FF /* Info.plist */,
			);
			path = QRCodeReaderUITests;
			sourceTree = "<group>";
		};
/* End PBXGroup section */

/* Begin PBXNativeTarget section */
		667A365A2786DB18007159FF /* QRCodeReader */ = {
			isa = PBXNativeTarget;
			buildConfigurationList = 667A36802786DB1A007159FF /* Build configuration list for PBXNativeTarget "QRCodeReader" */;
			buildPhases = (
				667A36572786DB18007159FF /* Sources */,
				667A36582786DB18007159FF /* Frameworks */,
				667A36592786DB18007159FF /* Resources */,
			);
			buildRules = (
			);
			dependencies = (
			);
			name = QRCodeReader;
			productName = QRCodeReader;
			productReference = 667A365B2786DB18007159FF /* QRCodeReader.app */;
			productType = "com.apple.product-type.application";
		};
		667A366B2786DB1A007159FF /* QRCodeReaderTests */ = {
			isa = PBXNativeTarget;
			buildConfigurationList = 667A36832786DB1A007159FF /* Build configuration list for PBXNativeTarget "QRCodeReaderTests" */;
			buildPhases = (
				667A36682786DB1A007159FF /* Sources */,
				667A36692786DB1A007159FF /* Frameworks */,
				667A366A2786DB1A007159FF /* Resources */,
			);
			buildRules = (
			);
			dependencies = (
				667A366E2786DB1A007159FF /* PBXTargetDependency */,
			);
			name = QRCodeReaderTests;
			productName = QRCodeReaderTests;
			productReference = 667A366C2786DB1A007159FF /* QRCodeReaderTests.xctest */;
			productType = "com.apple.product-type.bundle.unit-test";
		};
		667A36762786DB1A007159FF /* QRCodeReaderUITests */ = {
			isa = PBXNativeTarget;
			buildConfigurationList = 667A36862786DB1A007159FF /* Build configuration list for PBXNativeTarget "QRCodeReaderUITests" */;
			buildPhases = (
				667A36732786DB1A007159FF /* Sources */,
				667A36742786DB1A007159FF /* Frameworks */,
				667A36752786DB1A007159FF /* Resources */,
			);
			buildRules = (
			);
			dependencies = (
				667A36792786DB1A007159FF /* PBXTargetDependency */,
			);
			name = QRCodeReaderUITests;
			productName = QRCodeReaderUITests;
			productReference = 667A36772786DB1A007159FF /* QRCodeReaderUITests.xctest */;
			productType = "com.apple.product-type.bundle.ui-testing";
		};
/* End PBXNativeTarget section */

/* Begin PBXProject section */
		667A36532786DB18007159FF /* Project object */ = {
			isa = PBXProject;
			attributes = {
				LastSwiftUpdateCheck = 1250;
				LastUpgradeCheck = 1250;
				TargetAttributes = {
					667A365A2786DB18007159FF = {
						CreatedOnToolsVersion = 12.5;
					};
					667A366B2786DB1A007159FF = {
						CreatedOnToolsVersion = 12.5;
						TestTargetID = 667A365A2786DB18007159FF;
					};
					667A36762786DB1A007159FF = {
						CreatedOnToolsVersion = 12.5;
						TestTargetID = 667A365A2786DB18007159FF;
					};
				};
			};
			buildConfigurationList = 667A36562786DB18007159FF /* Build configuration list for PBXProject "QRCodeReader" */;
			compatibilityVersion = "Xcode 9.3";
			developmentRegion = en;
			hasScannedForEncodings = 0;
			knownRegions = (
				en,
				Base,
			);
			mainGroup = 667A36522786DB18007159FF;
			productRefGroup = 667A365C2786DB18007159FF /* Products */;
			projectDirPath = "";
			projectRoot = "";
			targets = (
				667A365A2786DB18007159FF /* QRCodeReader */,
				667A366B2786DB1A007159FF /* QRCodeReaderTests */,
				667A36762786DB1A007159FF /* QRCodeReaderUITests */,
			);
		};
/* End PBXProject section */

/* Begin PBXResourcesBuildPhase section */
		667A36592786DB18007159FF /* Resources */ = {
			isa = PBXResourcesBuildPhase;
			buildActionMask = 2147483647;
			files = (
				667A36662786DB1A007159FF /* Preview Assets.xcassets in Resources */,
				667A36632786DB1A007159FF /* Assets.xcassets in Resources */,
			);
			runOnlyForDeploymentPostprocessing = 0;
		};
		667A366A2786DB1A007159FF /* Resources */ = {
			isa = PBXResourcesBuildPhase;
			buildActionMask = 2147483647;
			files = (
			);
			runOnlyForDeploymentPostprocessing = 0;
		};
		667A36752786DB1A007159FF /* Resources */ = {
			isa = PBXResourcesBuildPhase;
			buildActionMask = 2147483647;
			files = (
			);
			runOnlyForDeploymentPostprocessing = 0;
		};
/* End PBXResourcesBuildPhase section */

/* Begin PBXSourcesBuildPhase section */
		667A36572786DB18007159FF /* Sources */ = {
			isa = PBXSourcesBuildPhase;
			buildActionMask = 2147483647;
			files = (
				667A36612786DB18007159FF /* ContentView.swift in Sources */,
				667A365F2786DB18007159FF /* QRCodeReaderApp.swift in Sources */,
				667A368C2786DD9B007159FF /* QRReader.swift in Sources */,
				667A368E2786F4D4007159FF /* ScanAlert.swift in Sources */,
				667A36902786F6C6007159FF /* ScanResultType.swift in Sources */,
			);
			runOnlyForDeploymentPostprocessing = 0;
		};
		667A36682786DB1A007159FF /* Sources */ = {
			isa = PBXSourcesBuildPhase;
			buildActionMask = 2147483647;
			files = (
				667A36712786DB1A007159FF /* QRCodeReaderTests.swift in Sources */,
			);
			runOnlyForDeploymentPostprocessing = 0;
		};
		667A36732786DB1A007159FF /* Sources */ = {
			isa = PBXSourcesBuildPhase;
			buildActionMask = 2147483647;
			files = (
				667A367C2786DB1A007159FF /* QRCodeReaderUITests.swift in Sources */,
			);
			runOnlyForDeploymentPostprocessing = 0;
		};
/* End PBXSourcesBuildPhase section */

/* Begin PBXTargetDependency section */
		667A366E2786DB1A007159FF /* PBXTargetDependency */ = {
			isa = PBXTargetDependency;
			target = 667A365A2786DB18007159FF /* QRCodeReader */;
			targetProxy = 667A366D2786DB1A007159FF /* PBXContainerItemProxy */;
		};
		667A36792786DB1A007159FF /* PBXTargetDependency */ = {
			isa = PBXTargetDependency;
			target = 667A365A2786DB18007159FF /* QRCodeReader */;
			targetProxy = 667A36782786DB1A007159FF /* PBXContainerItemProxy */;
		};
/* End PBXTargetDependency section */

/* Begin XCBuildConfiguration section */
		667A367E2786DB1A007159FF /* Debug */ = {
			isa = XCBuildConfiguration;
			buildSettings = {
				ALWAYS_SEARCH_USER_PATHS = NO;
				CLANG_ANALYZER_NONNULL = YES;
				CLANG_ANALYZER_NUMBER_OBJECT_CONVERSION = YES_AGGRESSIVE;
				CLANG_CXX_LANGUAGE_STANDARD = "gnu++14";
				CLANG_CXX_LIBRARY = "libc++";
				CLANG_ENABLE_MODULES = YES;
				CLANG_ENABLE_OBJC_ARC = YES;
				CLANG_ENABLE_OBJC_WEAK = YES;
				CLANG_WARN_BLOCK_CAPTURE_AUTORELEASING = YES;
				CLANG_WARN_BOOL_CONVERSION = YES;
				CLANG_WARN_COMMA = YES;
				CLANG_WARN_CONSTANT_CONVERSION = YES;
				CLANG_WARN_DEPRECATED_OBJC_IMPLEMENTATIONS = YES;
				CLANG_WARN_DIRECT_OBJC_ISA_USAGE = YES_ERROR;
				CLANG_WARN_DOCUMENTATION_COMMENTS = YES;
				CLANG_WARN_EMPTY_BODY = YES;
				CLANG_WARN_ENUM_CONVERSION = YES;
				CLANG_WARN_INFINITE_RECURSION = YES;
				CLANG_WARN_INT_CONVERSION = YES;
				CLANG_WARN_NON_LITERAL_NULL_CONVERSION = YES;
				CLANG_WARN_OBJC_IMPLICIT_RETAIN_SELF = YES;
				CLANG_WARN_OBJC_LITERAL_CONVERSION = YES;
				CLANG_WARN_OBJC_ROOT_CLASS = YES_ERROR;
				CLANG_WARN_QUOTED_INCLUDE_IN_FRAMEWORK_HEADER = YES;
				CLANG_WARN_RANGE_LOOP_ANALYSIS = YES;
				CLANG_WARN_STRICT_PROTOTYPES = YES;
				CLANG_WARN_SUSPICIOUS_MOVE = YES;
				CLANG_WARN_UNGUARDED_AVAILABILITY = YES_AGGRESSIVE;
				CLANG_WARN_UNREACHABLE_CODE = YES;
				CLANG_WARN__DUPLICATE_METHOD_MATCH = YES;
				COPY_PHASE_STRIP = NO;
				DEBUG_INFORMATION_FORMAT = dwarf;
				ENABLE_STRICT_OBJC_MSGSEND = YES;
				ENABLE_TESTABILITY = YES;
				GCC_C_LANGUAGE_STANDARD = gnu11;
				GCC_DYNAMIC_NO_PIC = NO;
				GCC_NO_COMMON_BLOCKS = YES;
				GCC_OPTIMIZATION_LEVEL = 0;
				GCC_PREPROCESSOR_DEFINITIONS = (
					"DEBUG=1",
					"$(inherited)",
				);
				GCC_WARN_64_TO_32_BIT_CONVERSION = YES;
				GCC_WARN_ABOUT_RETURN_TYPE = YES_ERROR;
				GCC_WARN_UNDECLARED_SELECTOR = YES;
				GCC_WARN_UNINITIALIZED_AUTOS = YES_AGGRESSIVE;
				GCC_WARN_UNUSED_FUNCTION = YES;
				GCC_WARN_UNUSED_VARIABLE = YES;
				IPHONEOS_DEPLOYMENT_TARGET = 14.5;
				MTL_ENABLE_DEBUG_INFO = INCLUDE_SOURCE;
				MTL_FAST_MATH = YES;
				ONLY_ACTIVE_ARCH = YES;
				SDKROOT = iphoneos;
				SWIFT_ACTIVE_COMPILATION_CONDITIONS = DEBUG;
				SWIFT_OPTIMIZATION_LEVEL = "-Onone";
			};
			name = Debug;
		};
		667A367F2786DB1A007159FF /* Release */ = {
			isa = XCBuildConfiguration;
			buildSettings = {
				ALWAYS_SEARCH_USER_PATHS = NO;
				CLANG_ANALYZER_NONNULL = YES;
				CLANG_ANALYZER_NUMBER_OBJECT_CONVERSION = YES_AGGRESSIVE;
				CLANG_CXX_LANGUAGE_STANDARD = "gnu++14";
				CLANG_CXX_LIBRARY = "libc++";
				CLANG_ENABLE_MODULES = YES;
				CLANG_ENABLE_OBJC_ARC = YES;
				CLANG_ENABLE_OBJC_WEAK = YES;
				CLANG_WARN_BLOCK_CAPTURE_AUTORELEASING = YES;
				CLANG_WARN_BOOL_CONVERSION = YES;
				CLANG_WARN_COMMA = YES;
				CLANG_WARN_CONSTANT_CONVERSION = YES;
				CLANG_WARN_DEPRECATED_OBJC_IMPLEMENTATIONS = YES;
				CLANG_WARN_DIRECT_OBJC_ISA_USAGE = YES_ERROR;
				CLANG_WARN_DOCUMENTATION_COMMENTS = YES;
				CLANG_WARN_EMPTY_BODY = YES;
				CLANG_WARN_ENUM_CONVERSION = YES;
				CLANG_WARN_INFINITE_RECURSION = YES;
				CLANG_WARN_INT_CONVERSION = YES;
				CLANG_WARN_NON_LITERAL_NULL_CONVERSION = YES;
				CLANG_WARN_OBJC_IMPLICIT_RETAIN_SELF = YES;
				CLANG_WARN_OBJC_LITERAL_CONVERSION = YES;
				CLANG_WARN_OBJC_ROOT_CLASS = YES_ERROR;
				CLANG_WARN_QUOTED_INCLUDE_IN_FRAMEWORK_HEADER = YES;
				CLANG_WARN_RANGE_LOOP_ANALYSIS = YES;
				CLANG_WARN_STRICT_PROTOTYPES = YES;
				CLANG_WARN_SUSPICIOUS_MOVE = YES;
				CLANG_WARN_UNGUARDED_AVAILABILITY = YES_AGGRESSIVE;
				CLANG_WARN_UNREACHABLE_CODE = YES;
				CLANG_WARN__DUPLICATE_METHOD_MATCH = YES;
				COPY_PHASE_STRIP = NO;
				DEBUG_INFORMATION_FORMAT = "dwarf-with-dsym";
				ENABLE_NS_ASSERTIONS = NO;
				ENABLE_STRICT_OBJC_MSGSEND = YES;
				GCC_C_LANGUAGE_STANDARD = gnu11;
				GCC_NO_COMMON_BLOCKS = YES;
				GCC_WARN_64_TO_32_BIT_CONVERSION = YES;
				GCC_WARN_ABOUT_RETURN_TYPE = YES_ERROR;
				GCC_WARN_UNDECLARED_SELECTOR = YES;
				GCC_WARN_UNINITIALIZED_AUTOS = YES_AGGRESSIVE;
				GCC_WARN_UNUSED_FUNCTION = YES;
				GCC_WARN_UNUSED_VARIABLE = YES;
				IPHONEOS_DEPLOYMENT_TARGET = 14.5;
				MTL_ENABLE_DEBUG_INFO = NO;
				MTL_FAST_MATH = YES;
				SDKROOT = iphoneos;
				SWIFT_COMPILATION_MODE = wholemodule;
				SWIFT_OPTIMIZATION_LEVEL = "-O";
				VALIDATE_PRODUCT = YES;
			};
			name = Release;
		};
		667A36812786DB1A007159FF /* Debug */ = {
			isa = XCBuildConfiguration;
			buildSettings = {
				ASSETCATALOG_COMPILER_APPICON_NAME = AppIcon;
				ASSETCATALOG_COMPILER_GLOBAL_ACCENT_COLOR_NAME = AccentColor;
				CODE_SIGN_STYLE = Automatic;
				DEVELOPMENT_ASSET_PATHS = "\"QRCodeReader/Preview Content\"";
				DEVELOPMENT_TEAM = 84Y6X6PKWV;
				ENABLE_PREVIEWS = YES;
				INFOPLIST_FILE = QRCodeReader/Info.plist;
				IPHONEOS_DEPLOYMENT_TARGET = 14.0;
				LD_RUNPATH_SEARCH_PATHS = (
					"$(inherited)",
					"@executable_path/Frameworks",
				);
				PRODUCT_BUNDLE_IDENTIFIER = com.omochi.QRCodeReader;
				PRODUCT_NAME = "$(TARGET_NAME)";
				SWIFT_VERSION = 5.0;
				TARGETED_DEVICE_FAMILY = "1,2";
			};
			name = Debug;
		};
		667A36822786DB1A007159FF /* Release */ = {
			isa = XCBuildConfiguration;
			buildSettings = {
				ASSETCATALOG_COMPILER_APPICON_NAME = AppIcon;
				ASSETCATALOG_COMPILER_GLOBAL_ACCENT_COLOR_NAME = AccentColor;
				CODE_SIGN_STYLE = Automatic;
				DEVELOPMENT_ASSET_PATHS = "\"QRCodeReader/Preview Content\"";
				DEVELOPMENT_TEAM = 84Y6X6PKWV;
				ENABLE_PREVIEWS = YES;
				INFOPLIST_FILE = QRCodeReader/Info.plist;
				IPHONEOS_DEPLOYMENT_TARGET = 14.0;
				LD_RUNPATH_SEARCH_PATHS = (
					"$(inherited)",
					"@executable_path/Frameworks",
				);
				PRODUCT_BUNDLE_IDENTIFIER = com.omochi.QRCodeReader;
				PRODUCT_NAME = "$(TARGET_NAME)";
				SWIFT_VERSION = 5.0;
				TARGETED_DEVICE_FAMILY = "1,2";
			};
			name = Release;
		};
		667A36842786DB1A007159FF /* Debug */ = {
			isa = XCBuildConfiguration;
			buildSettings = {
				ALWAYS_EMBED_SWIFT_STANDARD_LIBRARIES = YES;
				BUNDLE_LOADER = "$(TEST_HOST)";
				CODE_SIGN_STYLE = Automatic;
				DEVELOPMENT_TEAM = 84Y6X6PKWV;
				INFOPLIST_FILE = QRCodeReaderTests/Info.plist;
				IPHONEOS_DEPLOYMENT_TARGET = 14.0;
				LD_RUNPATH_SEARCH_PATHS = (
					"$(inherited)",
					"@executable_path/Frameworks",
					"@loader_path/Frameworks",
				);
				PRODUCT_BUNDLE_IDENTIFIER = com.omochi.QRCodeReaderTests;
				PRODUCT_NAME = "$(TARGET_NAME)";
				SWIFT_VERSION = 5.0;
				TARGETED_DEVICE_FAMILY = "1,2";
				TEST_HOST = "$(BUILT_PRODUCTS_DIR)/QRCodeReader.app/QRCodeReader";
			};
			name = Debug;
		};
		667A36852786DB1A007159FF /* Release */ = {
			isa = XCBuildConfiguration;
			buildSettings = {
				ALWAYS_EMBED_SWIFT_STANDARD_LIBRARIES = YES;
				BUNDLE_LOADER = "$(TEST_HOST)";
				CODE_SIGN_STYLE = Automatic;
				DEVELOPMENT_TEAM = 84Y6X6PKWV;
				INFOPLIST_FILE = QRCodeReaderTests/Info.plist;
				IPHONEOS_DEPLOYMENT_TARGET = 14.0;
				LD_RUNPATH_SEARCH_PATHS = (
					"$(inherited)",
					"@executable_path/Frameworks",
					"@loader_path/Frameworks",
				);
				PRODUCT_BUNDLE_IDENTIFIER = com.omochi.QRCodeReaderTests;
				PRODUCT_NAME = "$(TARGET_NAME)";
				SWIFT_VERSION = 5.0;
				TARGETED_DEVICE_FAMILY = "1,2";
				TEST_HOST = "$(BUILT_PRODUCTS_DIR)/QRCodeReader.app/QRCodeReader";
			};
			name = Release;
		};
		667A36872786DB1A007159FF /* Debug */ = {
			isa = XCBuildConfiguration;
			buildSettings = {
				ALWAYS_EMBED_SWIFT_STANDARD_LIBRARIES = YES;
				CODE_SIGN_STYLE = Automatic;
				DEVELOPMENT_TEAM = 84Y6X6PKWV;
				INFOPLIST_FILE = QRCodeReaderUITests/Info.plist;
				LD_RUNPATH_SEARCH_PATHS = (
					"$(inherited)",
					"@executable_path/Frameworks",
					"@loader_path/Frameworks",
				);
				PRODUCT_BUNDLE_IDENTIFIER = com.omochi.QRCodeReaderUITests;
				PRODUCT_NAME = "$(TARGET_NAME)";
				SWIFT_VERSION = 5.0;
				TARGETED_DEVICE_FAMILY = "1,2";
				TEST_TARGET_NAME = QRCodeReader;
			};
			name = Debug;
		};
		667A36882786DB1A007159FF /* Release */ = {
			isa = XCBuildConfiguration;
			buildSettings = {
				ALWAYS_EMBED_SWIFT_STANDARD_LIBRARIES = YES;
				CODE_SIGN_STYLE = Automatic;
				DEVELOPMENT_TEAM = 84Y6X6PKWV;
				INFOPLIST_FILE = QRCodeReaderUITests/Info.plist;
				LD_RUNPATH_SEARCH_PATHS = (
					"$(inherited)",
					"@executable_path/Frameworks",
					"@loader_path/Frameworks",
				);
				PRODUCT_BUNDLE_IDENTIFIER = com.omochi.QRCodeReaderUITests;
				PRODUCT_NAME = "$(TARGET_NAME)";
				SWIFT_VERSION = 5.0;
				TARGETED_DEVICE_FAMILY = "1,2";
				TEST_TARGET_NAME = QRCodeReader;
			};
			name = Release;
		};
/* End XCBuildConfiguration section */

/* Begin XCConfigurationList section */
		667A36562786DB18007159FF /* Build configuration list for PBXProject "QRCodeReader" */ = {
			isa = XCConfigurationList;
			buildConfigurations = (
				667A367E2786DB1A007159FF /* Debug */,
				667A367F2786DB1A007159FF /* Release */,
			);
			defaultConfigurationIsVisible = 0;
			defaultConfigurationName = Release;
		};
		667A36802786DB1A007159FF /* Build configuration list for PBXNativeTarget "QRCodeReader" */ = {
			isa = XCConfigurationList;
			buildConfigurations = (
				667A36812786DB1A007159FF /* Debug */,
				667A36822786DB1A007159FF /* Release */,
			);
			defaultConfigurationIsVisible = 0;
			defaultConfigurationName = Release;
		};
		667A36832786DB1A007159FF /* Build configuration list for PBXNativeTarget "QRCodeReaderTests" */ = {
			isa = XCConfigurationList;
			buildConfigurations = (
				667A36842786DB1A007159FF /* Debug */,
				667A36852786DB1A007159FF /* Release */,
			);
			defaultConfigurationIsVisible = 0;
			defaultConfigurationName = Release;
		};
		667A36862786DB1A007159FF /* Build configuration list for PBXNativeTarget "QRCodeReaderUITests" */ = {
			isa = XCConfigurationList;
			buildConfigurations = (
				667A36872786DB1A007159FF /* Debug */,
				667A36882786DB1A007159FF /* Release */,
			);
			defaultConfigurationIsVisible = 0;
			defaultConfigurationName = Release;
		};
/* End XCConfigurationList section */
	};
	rootObject = 667A36532786DB18007159FF /* Project object */;
}
